
Microsoft Visual Studio Solution File, Format Version 12.00
# Visual Studio Version 17
VisualStudioVersion = 17.12.35707.178
MinimumVisualStudioVersion = 10.0.40219.1
Project("{FAE04EC0-301F-11D3-BF4B-00C04F79EFBC}") = "wumps", "wumps\wumps.csproj", "{9827664C-44C5-4699-AE5D-29E0813A6790}"
EndProject
Project("{FAE04EC0-301F-11D3-BF4B-00C04F79EFBC}") = "CaveTest", "CaveTest\CaveTest.csproj", "{A3CB0520-E78F-4F89-B82C-9DE2722E4ED3}"
EndProject
Project("{FAE04EC0-301F-11D3-BF4B-00C04F79EFBC}") = "TestingGround", "TestingGround\TestingGround.csproj", "{F622B621-F2E9-47D5-BB38-CDBB7FF7C2F3}"
EndProject
Project("{FAE04EC0-301F-11D3-BF4B-00C04F79EFBC}") = "Trivia", "Trivia\Trivia.csproj", "{E7A29BD7-9CF7-492F-8355-C52A546055CF}"
EndProject
Global
	GlobalSection(SolutionConfigurationPlatforms) = preSolution
		Debug|Any CPU = Debug|Any CPU
		Release|Any CPU = Release|Any CPU
	EndGlobalSection
	GlobalSection(ProjectConfigurationPlatforms) = postSolution
		{9827664C-44C5-4699-AE5D-29E0813A6790}.Debug|Any CPU.ActiveCfg = Debug|Any CPU
		{9827664C-44C5-4699-AE5D-29E0813A6790}.Debug|Any CPU.Build.0 = Debug|Any CPU
		{9827664C-44C5-4699-AE5D-29E0813A6790}.Release|Any CPU.ActiveCfg = Release|Any CPU
		{9827664C-44C5-4699-AE5D-29E0813A6790}.Release|Any CPU.Build.0 = Release|Any CPU
		{A3CB0520-E78F-4F89-B82C-9DE2722E4ED3}.Debug|Any CPU.ActiveCfg = Debug|Any CPU
		{A3CB0520-E78F-4F89-B82C-9DE2722E4ED3}.Debug|Any CPU.Build.0 = Debug|Any CPU
		{A3CB0520-E78F-4F89-B82C-9DE2722E4ED3}.Release|Any CPU.ActiveCfg = Release|Any CPU
		{A3CB0520-E78F-4F89-B82C-9DE2722E4ED3}.Release|Any CPU.Build.0 = Release|Any CPU
		{F622B621-F2E9-47D5-BB38-CDBB7FF7C2F3}.Debug|Any CPU.ActiveCfg = Debug|Any CPU
		{F622B621-F2E9-47D5-BB38-CDBB7FF7C2F3}.Debug|Any CPU.Build.0 = Debug|Any CPU
		{F622B621-F2E9-47D5-BB38-CDBB7FF7C2F3}.Release|Any CPU.ActiveCfg = Release|Any CPU
		{F622B621-F2E9-47D5-BB38-CDBB7FF7C2F3}.Release|Any CPU.Build.0 = Release|Any CPU
		{E7A29BD7-9CF7-492F-8355-C52A546055CF}.Debug|Any CPU.ActiveCfg = Debug|Any CPU
		{E7A29BD7-9CF7-492F-8355-C52A546055CF}.Debug|Any CPU.Build.0 = Debug|Any CPU
		{E7A29BD7-9CF7-492F-8355-C52A546055CF}.Release|Any CPU.ActiveCfg = Release|Any CPU
		{E7A29BD7-9CF7-492F-8355-C52A546055CF}.Release|Any CPU.Build.0 = Release|Any CPU
	EndGlobalSection
	GlobalSection(SolutionProperties) = preSolution
		HideSolutionNode = FALSE
	EndGlobalSection
EndGlobal
